{
  "version": 2,
  "dependencies": {
    "net8.0": {
      "System.IO.Hashing": {
        "type": "Direct",
        "requested": "[8.0.0, )",
        "resolved": "8.0.0",
        "contentHash": "ne1843evDugl0md7Fjzy6QjJrzsjh46ZKbhf8GwBXb5f/gw97J4bxMs0NQKifDuThh/f0bZ0e62NPl1jzTuRqA=="
      },
      "correntra.core": {
        "type": "Project"
      }
    }
  }
}